
Microsoft Visual Studio Solution File, Format Version 12.00
# Visual Studio 14
VisualStudioVersion = 14.0.25420.1
MinimumVisualStudioVersion = 10.0.40219.1
Project("{FAE04EC0-301F-11D3-BF4B-00C04F79EFBC}") = "2006204794-CON", "2006204794-CON\2006204794-CON.csproj", "{E2B29BE0-F823-4ED9-ABB9-5CC488FB4B4A}"
EndProject
Project("{FAE04EC0-301F-11D3-BF4B-00C04F79EFBC}") = "2006204794-ENT", "2006204794-ENT\2006204794-ENT.csproj", "{F2C7849E-0D9D-4A81-8EC4-5A40765740B4}"
EndProject
Project("{FAE04EC0-301F-11D3-BF4B-00C04F79EFBC}") = "2006204794-PER", "2006204794-PER\2006204794-PER.csproj", "{A77A4C26-B242-4F64-AE49-2BA648698AE8}"
EndProject
Global
	GlobalSection(SolutionConfigurationPlatforms) = preSolution
		Debug|Any CPU = Debug|Any CPU
		Release|Any CPU = Release|Any CPU
	EndGlobalSection
	GlobalSection(ProjectConfigurationPlatforms) = postSolution
		{E2B29BE0-F823-4ED9-ABB9-5CC488FB4B4A}.Debug|Any CPU.ActiveCfg = Debug|Any CPU
		{E2B29BE0-F823-4ED9-ABB9-5CC488FB4B4A}.Debug|Any CPU.Build.0 = Debug|Any CPU
		{E2B29BE0-F823-4ED9-ABB9-5CC488FB4B4A}.Release|Any CPU.ActiveCfg = Release|Any CPU
		{E2B29BE0-F823-4ED9-ABB9-5CC488FB4B4A}.Release|Any CPU.Build.0 = Release|Any CPU
		{F2C7849E-0D9D-4A81-8EC4-5A40765740B4}.Debug|Any CPU.ActiveCfg = Debug|Any CPU
		{F2C7849E-0D9D-4A81-8EC4-5A40765740B4}.Debug|Any CPU.Build.0 = Debug|Any CPU
		{F2C7849E-0D9D-4A81-8EC4-5A40765740B4}.Release|Any CPU.ActiveCfg = Release|Any CPU
		{F2C7849E-0D9D-4A81-8EC4-5A40765740B4}.Release|Any CPU.Build.0 = Release|Any CPU
		{A77A4C26-B242-4F64-AE49-2BA648698AE8}.Debug|Any CPU.ActiveCfg = Debug|Any CPU
		{A77A4C26-B242-4F64-AE49-2BA648698AE8}.Debug|Any CPU.Build.0 = Debug|Any CPU
		{A77A4C26-B242-4F64-AE49-2BA648698AE8}.Release|Any CPU.ActiveCfg = Release|Any CPU
		{A77A4C26-B242-4F64-AE49-2BA648698AE8}.Release|Any CPU.Build.0 = Release|Any CPU
	EndGlobalSection
	GlobalSection(SolutionProperties) = preSolution
		HideSolutionNode = FALSE
	EndGlobalSection
EndGlobal
